// !$*UTF8*$!
{
	archiveVersion = 1;
	classes = {
	};
	objectVersion = 46;
	objects = {

/* Begin PBXBuildFile section */
		0672EECA1B8DBECB00110C18 /* libVisitor.a in Frameworks */ = {isa = PBXBuildFile; fileRef = 0672EEBE1B8DBECB00110C18 /* libVisitor.a */; };
		0672EEE31B8DC01B00110C18 /* NimoEngine.m in Sources */ = {isa = PBXBuildFile; fileRef = 0672EEE21B8DC01B00110C18 /* NimoEngine.m */; };
		0672EEE61B8DC02C00110C18 /* NimoWheel.m in Sources */ = {isa = PBXBuildFile; fileRef = 0672EEE51B8DC02C00110C18 /* NimoWheel.m */; };
		0672EEE91B8DC03D00110C18 /* NimoCar.m in Sources */ = {isa = PBXBuildFile; fileRef = 0672EEE81B8DC03D00110C18 /* NimoCar.m */; };
		0672EF2C1B8DDD3500110C18 /* NimoComponentUpgrade.m in Sources */ = {isa = PBXBuildFile; fileRef = 0672EF2B1B8DDD3500110C18 /* NimoComponentUpgrade.m */; };
/* End PBXBuildFile section */

/* Begin PBXContainerItemProxy section */
		0672EECB1B8DBECB00110C18 /* PBXContainerItemProxy */ = {
			isa = PBXContainerItemProxy;
			containerPortal = 0672EEB61B8DBECB00110C18 /* Project object */;
			proxyType = 1;
			remoteGlobalIDString = 0672EEBD1B8DBECB00110C18;
			remoteInfo = Visitor;
		};
/* End PBXContainerItemProxy section */

/* Begin PBXCopyFilesBuildPhase section */
		0672EEBC1B8DBECB00110C18 /* CopyFiles */ = {
			isa = PBXCopyFilesBuildPhase;
			buildActionMask = 2147483647;
			dstPath = "include/$(PRODUCT_NAME)";
			dstSubfolderSpec = 16;
			files = (
			);
			runOnlyForDeploymentPostprocessing = 0;
		};
/* End PBXCopyFilesBuildPhase section */

/* Begin PBXFileReference section */
		0672EEBE1B8DBECB00110C18 /* libVisitor.a */ = {isa = PBXFileReference; explicitFileType = archive.ar; includeInIndex = 0; path = libVisitor.a; sourceTree = BUILT_PRODUCTS_DIR; };
		0672EEC91B8DBECB00110C18 /* VisitorTests.xctest */ = {isa = PBXFileReference; explicitFileType = wrapper.cfbundle; includeInIndex = 0; path = VisitorTests.xctest; sourceTree = BUILT_PRODUCTS_DIR; };
		0672EECF1B8DBECB00110C18 /* Info.plist */ = {isa = PBXFileReference; lastKnownFileType = text.plist.xml; path = Info.plist; sourceTree = "<group>"; };
		0672EEE11B8DC01B00110C18 /* NimoEngine.h */ = {isa = PBXFileReference; fileEncoding = 4; lastKnownFileType = sourcecode.c.h; path = NimoEngine.h; sourceTree = "<group>"; };
		0672EEE21B8DC01B00110C18 /* NimoEngine.m */ = {isa = PBXFileReference; fileEncoding = 4; lastKnownFileType = sourcecode.c.objc; path = NimoEngine.m; sourceTree = "<group>"; };
		0672EEE41B8DC02C00110C18 /* NimoWheel.h */ = {isa = PBXFileReference; fileEncoding = 4; lastKnownFileType = sourcecode.c.h; path = NimoWheel.h; sourceTree = "<group>"; };
		0672EEE51B8DC02C00110C18 /* NimoWheel.m */ = {isa = PBXFileReference; fileEncoding = 4; lastKnownFileType = sourcecode.c.objc; path = NimoWheel.m; sourceTree = "<group>"; };
		0672EEE71B8DC03D00110C18 /* NimoCar.h */ = {isa = PBXFileReference; fileEncoding = 4; lastKnownFileType = sourcecode.c.h; path = NimoCar.h; sourceTree = "<group>"; };
		0672EEE81B8DC03D00110C18 /* NimoCar.m */ = {isa = PBXFileReference; fileEncoding = 4; lastKnownFileType = sourcecode.c.objc; path = NimoCar.m; sourceTree = "<group>"; };
		0672EF291B8DD9A300110C18 /* NimoComponentVisitor.h */ = {isa = PBXFileReference; lastKnownFileType = sourcecode.c.h; path = NimoComponentVisitor.h; sourceTree = "<group>"; };
		0672EF2A1B8DDD3500110C18 /* NimoComponentUpgrade.h */ = {isa = PBXFileReference; fileEncoding = 4; lastKnownFileType = sourcecode.c.h; path = NimoComponentUpgrade.h; sourceTree = "<group>"; };
		0672EF2B1B8DDD3500110C18 /* NimoComponentUpgrade.m */ = {isa = PBXFileReference; fileEncoding = 4; lastKnownFileType = sourcecode.c.objc; path = NimoComponentUpgrade.m; sourceTree = "<group>"; };
/* End PBXFileReference section */

/* Begin PBXFrameworksBuildPhase section */
		0672EEBB1B8DBECB00110C18 /* Frameworks */ = {
			isa = PBXFrameworksBuildPhase;
			buildActionMask = 2147483647;
			files = (
			);
			runOnlyForDeploymentPostprocessing = 0;
		};
		0672EEC61B8DBECB00110C18 /* Frameworks */ = {
			isa = PBXFrameworksBuildPhase;
			buildActionMask = 2147483647;
			files = (
				0672EECA1B8DBECB00110C18 /* libVisitor.a in Frameworks */,
			);
			runOnlyForDeploymentPostprocessing = 0;
		};
/* End PBXFrameworksBuildPhase section */

/* Begin PBXGroup section */
		0672EEB51B8DBECB00110C18 = {
			isa = PBXGroup;
			children = (
				0672EEC01B8DBECB00110C18 /* Visitor */,
				0672EECD1B8DBECB00110C18 /* VisitorTests */,
				0672EEBF1B8DBECB00110C18 /* Products */,
			);
			sourceTree = "<group>";
		};
		0672EEBF1B8DBECB00110C18 /* Products */ = {
			isa = PBXGroup;
			children = (
				0672EEBE1B8DBECB00110C18 /* libVisitor.a */,
				0672EEC91B8DBECB00110C18 /* VisitorTests.xctest */,
			);
			name = Products;
			sourceTree = "<group>";
		};
		0672EEC01B8DBECB00110C18 /* Visitor */ = {
			isa = PBXGroup;
			children = (
				0672EF291B8DD9A300110C18 /* NimoComponentVisitor.h */,
				0672EF2A1B8DDD3500110C18 /* NimoComponentUpgrade.h */,
				0672EF2B1B8DDD3500110C18 /* NimoComponentUpgrade.m */,
				0672EEE11B8DC01B00110C18 /* NimoEngine.h */,
				0672EEE21B8DC01B00110C18 /* NimoEngine.m */,
				0672EEE41B8DC02C00110C18 /* NimoWheel.h */,
				0672EEE51B8DC02C00110C18 /* NimoWheel.m */,
				0672EEE71B8DC03D00110C18 /* NimoCar.h */,
				0672EEE81B8DC03D00110C18 /* NimoCar.m */,
			);
			path = Visitor;
			sourceTree = "<group>";
		};
		0672EECD1B8DBECB00110C18 /* VisitorTests */ = {
			isa = PBXGroup;
			children = (
				0672EECE1B8DBECB00110C18 /* Supporting Files */,
			);
			path = VisitorTests;
			sourceTree = "<group>";
		};
		0672EECE1B8DBECB00110C18 /* Supporting Files */ = {
			isa = PBXGroup;
			children = (
				0672EECF1B8DBECB00110C18 /* Info.plist */,
			);
			name = "Supporting Files";
			sourceTree = "<group>";
		};
/* End PBXGroup section */

/* Begin PBXNativeTarget section */
		0672EEBD1B8DBECB00110C18 /* Visitor */ = {
			isa = PBXNativeTarget;
			buildConfigurationList = 0672EED21B8DBECB00110C18 /* Build configuration list for PBXNativeTarget "Visitor" */;
			buildPhases = (
				0672EEBA1B8DBECB00110C18 /* Sources */,
				0672EEBB1B8DBECB00110C18 /* Frameworks */,
				0672EEBC1B8DBECB00110C18 /* CopyFiles */,
			);
			buildRules = (
			);
			dependencies = (
			);
			name = Visitor;
			productName = Visitor;
			productReference = 0672EEBE1B8DBECB00110C18 /* libVisitor.a */;
			productType = "com.apple.product-type.library.static";
		};
		0672EEC81B8DBECB00110C18 /* VisitorTests */ = {
			isa = PBXNativeTarget;
			buildConfigurationList = 0672EED51B8DBECB00110C18 /* Build configuration list for PBXNativeTarget "VisitorTests" */;
			buildPhases = (
				0672EEC51B8DBECB00110C18 /* Sources */,
				0672EEC61B8DBECB00110C18 /* Frameworks */,
				0672EEC71B8DBECB00110C18 /* Resources */,
			);
			buildRules = (
			);
			dependencies = (
				0672EECC1B8DBECB00110C18 /* PBXTargetDependency */,
			);
			name = VisitorTests;
			productName = VisitorTests;
			productReference = 0672EEC91B8DBECB00110C18 /* VisitorTests.xctest */;
			productType = "com.apple.product-type.bundle.unit-test";
		};
/* End PBXNativeTarget section */

/* Begin PBXProject section */
		0672EEB61B8DBECB00110C18 /* Project object */ = {
			isa = PBXProject;
			attributes = {
				LastUpgradeCheck = 0620;
				ORGANIZATIONNAME = __Nature__;
				TargetAttributes = {
					0672EEBD1B8DBECB00110C18 = {
						CreatedOnToolsVersion = 6.2;
					};
					0672EEC81B8DBECB00110C18 = {
						CreatedOnToolsVersion = 6.2;
					};
				};
			};
			buildConfigurationList = 0672EEB91B8DBECB00110C18 /* Build configuration list for PBXProject "Visitor" */;
			compatibilityVersion = "Xcode 3.2";
			developmentRegion = English;
			hasScannedForEncodings = 0;
			knownRegions = (
				en,
			);
			mainGroup = 0672EEB51B8DBECB00110C18;
			productRefGroup = 0672EEBF1B8DBECB00110C18 /* Products */;
			projectDirPath = "";
			projectRoot = "";
			targets = (
				0672EEBD1B8DBECB00110C18 /* Visitor */,
				0672EEC81B8DBECB00110C18 /* VisitorTests */,
			);
		};
/* End PBXProject section */

/* Begin PBXResourcesBuildPhase section */
		0672EEC71B8DBECB00110C18 /* Resources */ = {
			isa = PBXResourcesBuildPhase;
			buildActionMask = 2147483647;
			files = (
			);
			runOnlyForDeploymentPostprocessing = 0;
		};
/* End PBXResourcesBuildPhase section */

/* Begin PBXSourcesBuildPhase section */
		0672EEBA1B8DBECB00110C18 /* Sources */ = {
			isa = PBXSourcesBuildPhase;
			buildActionMask = 2147483647;
			files = (
				0672EEE61B8DC02C00110C18 /* NimoWheel.m in Sources */,
				0672EEE91B8DC03D00110C18 /* NimoCar.m in Sources */,
				0672EEE31B8DC01B00110C18 /* NimoEngine.m in Sources */,
				0672EF2C1B8DDD3500110C18 /* NimoComponentUpgrade.m in Sources */,
			);
			runOnlyForDeploymentPostprocessing = 0;
		};
		0672EEC51B8DBECB00110C18 /* Sources */ = {
			isa = PBXSourcesBuildPhase;
			buildActionMask = 2147483647;
			files = (
			);
			runOnlyForDeploymentPostprocessing = 0;
		};
/* End PBXSourcesBuildPhase section */

/* Begin PBXTargetDependency section */
		0672EECC1B8DBECB00110C18 /* PBXTargetDependency */ = {
			isa = PBXTargetDependency;
			target = 0672EEBD1B8DBECB00110C18 /* Visitor */;
			targetProxy = 0672EECB1B8DBECB00110C18 /* PBXContainerItemProxy */;
		};
/* End PBXTargetDependency section */

/* Begin XCBuildConfiguration section */
		0672EED01B8DBECB00110C18 /* Debug */ = {
			isa = XCBuildConfiguration;
			buildSettings = {
				ALWAYS_SEARCH_USER_PATHS = NO;
				CLANG_CXX_LANGUAGE_STANDARD = "gnu++0x";
				CLANG_CXX_LIBRARY = "libc++";
				CLANG_ENABLE_MODULES = YES;
				CLANG_ENABLE_OBJC_ARC = YES;
				CLANG_WARN_BOOL_CONVERSION = YES;
				CLANG_WARN_CONSTANT_CONVERSION = YES;
				CLANG_WARN_DIRECT_OBJC_ISA_USAGE = YES_ERROR;
				CLANG_WARN_EMPTY_BODY = YES;
				CLANG_WARN_ENUM_CONVERSION = YES;
				CLANG_WARN_INT_CONVERSION = YES;
				CLANG_WARN_OBJC_ROOT_CLASS = YES_ERROR;
				CLANG_WARN_UNREACHABLE_CODE = YES;
				CLANG_WARN__DUPLICATE_METHOD_MATCH = YES;
				COPY_PHASE_STRIP = NO;
				ENABLE_STRICT_OBJC_MSGSEND = YES;
				GCC_C_LANGUAGE_STANDARD = gnu99;
				GCC_DYNAMIC_NO_PIC = NO;
				GCC_OPTIMIZATION_LEVEL = 0;
				GCC_PREPROCESSOR_DEFINITIONS = (
					"DEBUG=1",
					"$(inherited)",
				);
				GCC_SYMBOLS_PRIVATE_EXTERN = NO;
				GCC_WARN_64_TO_32_BIT_CONVERSION = YES;
				GCC_WARN_ABOUT_RETURN_TYPE = YES_ERROR;
				GCC_WARN_UNDECLARED_SELECTOR = YES;
				GCC_WARN_UNINITIALIZED_AUTOS = YES_AGGRESSIVE;
				GCC_WARN_UNUSED_FUNCTION = YES;
				GCC_WARN_UNUSED_VARIABLE = YES;
				IPHONEOS_DEPLOYMENT_TARGET = 8.2;
				MTL_ENABLE_DEBUG_INFO = YES;
				ONLY_ACTIVE_ARCH = YES;
				SDKROOT = iphoneos;
			};
			name = Debug;
		};
		0672EED11B8DBECB00110C18 /* Release */ = {
			isa = XCBuildConfiguration;
			buildSettings = {
				ALWAYS_SEARCH_USER_PATHS = NO;
				CLANG_CXX_LANGUAGE_STANDARD = "gnu++0x";
				CLANG_CXX_LIBRARY = "libc++";
				CLANG_ENABLE_MODULES = YES;
				CLANG_ENABLE_OBJC_ARC = YES;
				CLANG_WARN_BOOL_CONVERSION = YES;
				CLANG_WARN_CONSTANT_CONVERSION = YES;
				CLANG_WARN_DIRECT_OBJC_ISA_USAGE = YES_ERROR;
				CLANG_WARN_EMPTY_BODY = YES;
				CLANG_WARN_ENUM_CONVERSION = YES;
				CLANG_WARN_INT_CONVERSION = YES;
				CLANG_WARN_OBJC_ROOT_CLASS = YES_ERROR;
				CLANG_WARN_UNREACHABLE_CODE = YES;
				CLANG_WARN__DUPLICATE_METHOD_MATCH = YES;
				COPY_PHASE_STRIP = NO;
				ENABLE_NS_ASSERTIONS = NO;
				ENABLE_STRICT_OBJC_MSGSEND = YES;
				GCC_C_LANGUAGE_STANDARD = gnu99;
				GCC_WARN_64_TO_32_BIT_CONVERSION = YES;
				GCC_WARN_ABOUT_RETURN_TYPE = YES_ERROR;
				GCC_WARN_UNDECLARED_SELECTOR = YES;
				GCC_WARN_UNINITIALIZED_AUTOS = YES_AGGRESSIVE;
				GCC_WARN_UNUSED_FUNCTION = YES;
				GCC_WARN_UNUSED_VARIABLE = YES;
				IPHONEOS_DEPLOYMENT_TARGET = 8.2;
				MTL_ENABLE_DEBUG_INFO = NO;
				SDKROOT = iphoneos;
				VALIDATE_PRODUCT = YES;
			};
			name = Release;
		};
		0672EED31B8DBECB00110C18 /* Debug */ = {
			isa = XCBuildConfiguration;
			buildSettings = {
				OTHER_LDFLAGS = "-ObjC";
				PRODUCT_NAME = "$(TARGET_NAME)";
				SKIP_INSTALL = YES;
			};
			name = Debug;
		};
		0672EED41B8DBECB00110C18 /* Release */ = {
			isa = XCBuildConfiguration;
			buildSettings = {
				OTHER_LDFLAGS = "-ObjC";
				PRODUCT_NAME = "$(TARGET_NAME)";
				SKIP_INSTALL = YES;
			};
			name = Release;
		};
		0672EED61B8DBECB00110C18 /* Debug */ = {
			isa = XCBuildConfiguration;
			buildSettings = {
				FRAMEWORK_SEARCH_PATHS = (
					"$(SDKROOT)/Developer/Library/Frameworks",
					"$(inherited)",
				);
				GCC_PREPROCESSOR_DEFINITIONS = (
					"DEBUG=1",
					"$(inherited)",
				);
				INFOPLIST_FILE = VisitorTests/Info.plist;
				LD_RUNPATH_SEARCH_PATHS = "$(inherited) @executable_path/Frameworks @loader_path/Frameworks";
				PRODUCT_NAME = "$(TARGET_NAME)";
			};
			name = Debug;
		};
		0672EED71B8DBECB00110C18 /* Release */ = {
			isa = XCBuildConfiguration;
			buildSettings = {
				FRAMEWORK_SEARCH_PATHS = (
					"$(SDKROOT)/Developer/Library/Frameworks",
					"$(inherited)",
				);
				INFOPLIST_FILE = VisitorTests/Info.plist;
				LD_RUNPATH_SEARCH_PATHS = "$(inherited) @executable_path/Frameworks @loader_path/Frameworks";
				PRODUCT_NAME = "$(TARGET_NAME)";
			};
			name = Release;
		};
/* End XCBuildConfiguration section */

/* Begin XCConfigurationList section */
		0672EEB91B8DBECB00110C18 /* Build configuration list for PBXProject "Visitor" */ = {
			isa = XCConfigurationList;
			buildConfigurations = (
				0672EED01B8DBECB00110C18 /* Debug */,
				0672EED11B8DBECB00110C18 /* Release */,
			);
			defaultConfigurationIsVisible = 0;
			defaultConfigurationName = Release;
		};
		0672EED21B8DBECB00110C18 /* Build configuration list for PBXNativeTarget "Visitor" */ = {
			isa = XCConfigurationList;
			buildConfigurations = (
				0672EED31B8DBECB00110C18 /* Debug */,
				0672EED41B8DBECB00110C18 /* Release */,
			);
			defaultConfigurationIsVisible = 0;
			defaultConfigurationName = Release;
		};
		0672EED51B8DBECB00110C18 /* Build configuration list for PBXNativeTarget "VisitorTests" */ = {
			isa = XCConfigurationList;
			buildConfigurations = (
				0672EED61B8DBECB00110C18 /* Debug */,
				0672EED71B8DBECB00110C18 /* Release */,
			);
			defaultConfigurationIsVisible = 0;
			defaultConfigurationName = Release;
		};
/* End XCConfigurationList section */
	};
	rootObject = 0672EEB61B8DBECB00110C18 /* Project object */;
}
